{
    "version": 3,
    "terraform_version": "0.11.1",
    "serial": 10,
    "lineage": "4c82dc5c-0eb8-4369-a696-0f46cbe9bfc5",
    "modules": [
        {
            "path": [
                "root"
            ],
            "outputs": {},
            "resources": {
                "aws_eip.ip": {
                    "type": "aws_eip",
                    "depends_on": [
                        "aws_instance.example"
                    ],
                    "primary": {
                        "id": "eipalloc-04c5760ed7ee6abc2",
                        "attributes": {
                            "association_id": "eipassoc-0012bec80a719526f",
                            "domain": "vpc",
                            "id": "eipalloc-04c5760ed7ee6abc2",
                            "instance": "i-0ca64dab808ce066e",
                            "network_interface": "eni-0ddff28bc05960a80",
                            "private_ip": "172.31.26.151",
                            "public_ip": "18.202.158.0",
                            "tags.%": "0",
                            "vpc": "true"
                        },
                        "meta": {
                            "e2bfb730-ecaa-11e6-8f88-34363bc7c4c0": {
                                "delete": 180000000000,
                                "read": 900000000000,
                                "update": 300000000000
                            }
                        },
                        "tainted": false
                    },
                    "deposed": [],
                    "provider": "provider.aws"
                },
                "aws_instance.example": {
                    "type": "aws_instance",
                    "depends_on": [],
                    "primary": {
                        "id": "i-0ca64dab808ce066e",
                        "attributes": {
                            "ami": "ami-063d7038eec55d449",
                            "arn": "arn:aws:ec2:eu-west-1:289683601502:instance/i-0ca64dab808ce066e",
                            "associate_public_ip_address": "true",
                            "availability_zone": "eu-west-1a",
                            "cpu_core_count": "1",
                            "cpu_threads_per_core": "1",
                            "credit_specification.#": "1",
                            "credit_specification.0.cpu_credits": "standard",
                            "disable_api_termination": "false",
                            "ebs_block_device.#": "0",
                            "ebs_optimized": "false",
                            "ephemeral_block_device.#": "0",
                            "get_password_data": "false",
                            "iam_instance_profile": "",
                            "id": "i-0ca64dab808ce066e",
                            "instance_state": "running",
                            "instance_type": "t2.micro",
                            "ipv6_addresses.#": "0",
                            "key_name": "",
                            "monitoring": "false",
                            "network_interface.#": "0",
                            "network_interface_id": "eni-0ddff28bc05960a80",
                            "password_data": "",
                            "placement_group": "",
                            "primary_network_interface_id": "eni-0ddff28bc05960a80",
                            "private_dns": "ip-172-31-26-151.eu-west-1.compute.internal",
                            "private_ip": "172.31.26.151",
                            "public_dns": "ec2-176-34-128-40.eu-west-1.compute.amazonaws.com",
                            "public_ip": "176.34.128.40",
                            "root_block_device.#": "1",
                            "root_block_device.0.delete_on_termination": "true",
                            "root_block_device.0.iops": "0",
                            "root_block_device.0.volume_id": "vol-0be4f2adf028d2226",
                            "root_block_device.0.volume_size": "8",
                            "root_block_device.0.volume_type": "standard",
                            "security_groups.#": "1",
                            "security_groups.3814588639": "default",
                            "source_dest_check": "true",
                            "subnet_id": "subnet-9596f7dd",
                            "tags.%": "0",
                            "tenancy": "default",
                            "volume_tags.%": "0",
                            "vpc_security_group_ids.#": "1",
                            "vpc_security_group_ids.4126651680": "sg-df212aa3"
                        },
                        "meta": {
                            "e2bfb730-ecaa-11e6-8f88-34363bc7c4c0": {
                                "create": 600000000000,
                                "delete": 1200000000000,
                                "update": 600000000000
                            },
                            "schema_version": "1"
                        },
                        "tainted": false
                    },
                    "deposed": [],
                    "provider": "provider.aws"
                },
                "aws_ssm_parameter.secret": {
                    "type": "aws_ssm_parameter",
                    "depends_on": [],
                    "primary": {
                        "id": "kalyans-first-secret",
                        "attributes": {
                            "allowed_pattern": "",
                            "arn": "arn:aws:ssm:eu-west-1:289683601502:parameter/kalyans-first-secret",
                            "description": "The parameter description",
                            "id": "kalyans-first-secret",
                            "key_id": "alias/aws/ssm",
                            "name": "kalyans-first-secret",
                            "tags.%": "1",
                            "tags.environment": "kalyan",
                            "type": "SecureString",
                            "value": "Pinbilikipiyape1£"
                        },
                        "meta": {},
                        "tainted": false
                    },
                    "deposed": [],
                    "provider": "provider.aws"
                }
            },
            "depends_on": []
        }
    ]
}
